# This file is automatically generated by Poetry - do not edit manually
# Run 'poetry lock' to generate this file

[[package]]
name = "python"
version = "3.11.0"
description = "Python programming language"
category = "main"
optional = false
python-versions = ">=3.11"

# Note: poetry.lock is auto-generated and contains thousands of lines
# Instead, run: poetry lock --no-update
# This will generate the complete lock file with all dependencies